// !$*UTF8*$!
{
	archiveVersion = 1;
	classes = {
	};
	objectVersion = 46;
	objects = {

/* Begin PBXBuildFile section */
		892D9799157F821B00615A07 /* UIKit.framework in Frameworks */ = {isa = PBXBuildFile; fileRef = 892D9798157F821B00615A07 /* UIKit.framework */; };
		892D979B157F821B00615A07 /* Foundation.framework in Frameworks */ = {isa = PBXBuildFile; fileRef = 892D979A157F821B00615A07 /* Foundation.framework */; };
		892D979D157F821B00615A07 /* CoreGraphics.framework in Frameworks */ = {isa = PBXBuildFile; fileRef = 892D979C157F821B00615A07 /* CoreGraphics.framework */; };
		892D97A3157F821B00615A07 /* InfoPlist.strings in Resources */ = {isa = PBXBuildFile; fileRef = 892D97A1157F821B00615A07 /* InfoPlist.strings */; };
		892D97A5157F821B00615A07 /* main.m in Sources */ = {isa = PBXBuildFile; fileRef = 892D97A4157F821B00615A07 /* main.m */; };
		892D97A9157F821B00615A07 /* AppDelegate.m in Sources */ = {isa = PBXBuildFile; fileRef = 892D97A8157F821B00615A07 /* AppDelegate.m */; };
		892D97AC157F821B00615A07 /* ViewController.m in Sources */ = {isa = PBXBuildFile; fileRef = 892D97AB157F821B00615A07 /* ViewController.m */; };
		892D97AF157F821B00615A07 /* ViewController_iPhone.xib in Resources */ = {isa = PBXBuildFile; fileRef = 892D97AD157F821B00615A07 /* ViewController_iPhone.xib */; };
		892D97BA157F821B00615A07 /* SenTestingKit.framework in Frameworks */ = {isa = PBXBuildFile; fileRef = 892D97B9157F821B00615A07 /* SenTestingKit.framework */; };
		892D97BB157F821B00615A07 /* UIKit.framework in Frameworks */ = {isa = PBXBuildFile; fileRef = 892D9798157F821B00615A07 /* UIKit.framework */; };
		892D97BC157F821B00615A07 /* Foundation.framework in Frameworks */ = {isa = PBXBuildFile; fileRef = 892D979A157F821B00615A07 /* Foundation.framework */; };
		892D97C4157F821B00615A07 /* InfoPlist.strings in Resources */ = {isa = PBXBuildFile; fileRef = 892D97C2157F821B00615A07 /* InfoPlist.strings */; };
		892D97C7157F821B00615A07 /* Project3Tests.m in Sources */ = {isa = PBXBuildFile; fileRef = 892D97C6157F821B00615A07 /* Project3Tests.m */; };
		892D981E157F886600615A07 /* EventViewController.m in Sources */ = {isa = PBXBuildFile; fileRef = 892D981C157F886600615A07 /* EventViewController.m */; };
		892D981F157F886600615A07 /* EventViewController.xib in Resources */ = {isa = PBXBuildFile; fileRef = 892D981D157F886600615A07 /* EventViewController.xib */; };
		89C4EBB7158281BA0067B423 /* dateplannerbg.png in Resources */ = {isa = PBXBuildFile; fileRef = 89C4EBB6158281BA0067B423 /* dateplannerbg.png */; };
		89C4EBBB1582850D0067B423 /* InfoViewController.m in Sources */ = {isa = PBXBuildFile; fileRef = 89C4EBB91582850D0067B423 /* InfoViewController.m */; };
		89C4EBBC1582850D0067B423 /* InfoViewController.xib in Resources */ = {isa = PBXBuildFile; fileRef = 89C4EBBA1582850D0067B423 /* InfoViewController.xib */; };
/* End PBXBuildFile section */

/* Begin PBXContainerItemProxy section */
		892D97BD157F821B00615A07 /* PBXContainerItemProxy */ = {
			isa = PBXContainerItemProxy;
			containerPortal = 892D978B157F821A00615A07 /* Project object */;
			proxyType = 1;
			remoteGlobalIDString = 892D9793157F821B00615A07;
			remoteInfo = Project3;
		};
/* End PBXContainerItemProxy section */

/* Begin PBXFileReference section */
		892D9794157F821B00615A07 /* Project3.app */ = {isa = PBXFileReference; explicitFileType = wrapper.application; includeInIndex = 0; path = Project3.app; sourceTree = BUILT_PRODUCTS_DIR; };
		892D9798157F821B00615A07 /* UIKit.framework */ = {isa = PBXFileReference; lastKnownFileType = wrapper.framework; name = UIKit.framework; path = System/Library/Frameworks/UIKit.framework; sourceTree = SDKROOT; };
		892D979A157F821B00615A07 /* Foundation.framework */ = {isa = PBXFileReference; lastKnownFileType = wrapper.framework; name = Foundation.framework; path = System/Library/Frameworks/Foundation.framework; sourceTree = SDKROOT; };
		892D979C157F821B00615A07 /* CoreGraphics.framework */ = {isa = PBXFileReference; lastKnownFileType = wrapper.framework; name = CoreGraphics.framework; path = System/Library/Frameworks/CoreGraphics.framework; sourceTree = SDKROOT; };
		892D97A0157F821B00615A07 /* Project3-Info.plist */ = {isa = PBXFileReference; lastKnownFileType = text.plist.xml; path = "Project3-Info.plist"; sourceTree = "<group>"; };
		892D97A2157F821B00615A07 /* en */ = {isa = PBXFileReference; lastKnownFileType = text.plist.strings; name = en; path = en.lproj/InfoPlist.strings; sourceTree = "<group>"; };
		892D97A4157F821B00615A07 /* main.m */ = {isa = PBXFileReference; lastKnownFileType = sourcecode.c.objc; path = main.m; sourceTree = "<group>"; };
		892D97A6157F821B00615A07 /* Project3-Prefix.pch */ = {isa = PBXFileReference; lastKnownFileType = sourcecode.c.h; path = "Project3-Prefix.pch"; sourceTree = "<group>"; };
		892D97A7157F821B00615A07 /* AppDelegate.h */ = {isa = PBXFileReference; lastKnownFileType = sourcecode.c.h; path = AppDelegate.h; sourceTree = "<group>"; };
		892D97A8157F821B00615A07 /* AppDelegate.m */ = {isa = PBXFileReference; lastKnownFileType = sourcecode.c.objc; path = AppDelegate.m; sourceTree = "<group>"; };
		892D97AA157F821B00615A07 /* ViewController.h */ = {isa = PBXFileReference; lastKnownFileType = sourcecode.c.h; path = ViewController.h; sourceTree = "<group>"; };
		892D97AB157F821B00615A07 /* ViewController.m */ = {isa = PBXFileReference; lastKnownFileType = sourcecode.c.objc; path = ViewController.m; sourceTree = "<group>"; };
		892D97AE157F821B00615A07 /* en */ = {isa = PBXFileReference; lastKnownFileType = file.xib; name = en; path = en.lproj/ViewController_iPhone.xib; sourceTree = "<group>"; };
		892D97B8157F821B00615A07 /* Project3Tests.octest */ = {isa = PBXFileReference; explicitFileType = wrapper.cfbundle; includeInIndex = 0; path = Project3Tests.octest; sourceTree = BUILT_PRODUCTS_DIR; };
		892D97B9157F821B00615A07 /* SenTestingKit.framework */ = {isa = PBXFileReference; lastKnownFileType = wrapper.framework; name = SenTestingKit.framework; path = Library/Frameworks/SenTestingKit.framework; sourceTree = DEVELOPER_DIR; };
		892D97C1157F821B00615A07 /* Project3Tests-Info.plist */ = {isa = PBXFileReference; lastKnownFileType = text.plist.xml; path = "Project3Tests-Info.plist"; sourceTree = "<group>"; };
		892D97C3157F821B00615A07 /* en */ = {isa = PBXFileReference; lastKnownFileType = text.plist.strings; name = en; path = en.lproj/InfoPlist.strings; sourceTree = "<group>"; };
		892D97C5157F821B00615A07 /* Project3Tests.h */ = {isa = PBXFileReference; lastKnownFileType = sourcecode.c.h; path = Project3Tests.h; sourceTree = "<group>"; };
		892D97C6157F821B00615A07 /* Project3Tests.m */ = {isa = PBXFileReference; lastKnownFileType = sourcecode.c.objc; path = Project3Tests.m; sourceTree = "<group>"; };
		892D981B157F886600615A07 /* EventViewController.h */ = {isa = PBXFileReference; fileEncoding = 4; lastKnownFileType = sourcecode.c.h; path = EventViewController.h; sourceTree = "<group>"; };
		892D981C157F886600615A07 /* EventViewController.m */ = {isa = PBXFileReference; fileEncoding = 4; lastKnownFileType = sourcecode.c.objc; path = EventViewController.m; sourceTree = "<group>"; };
		892D981D157F886600615A07 /* EventViewController.xib */ = {isa = PBXFileReference; fileEncoding = 4; lastKnownFileType = file.xib; path = EventViewController.xib; sourceTree = "<group>"; };
		89C4EBB6158281BA0067B423 /* dateplannerbg.png */ = {isa = PBXFileReference; lastKnownFileType = image.png; path = dateplannerbg.png; sourceTree = "<group>"; };
		89C4EBB81582850D0067B423 /* InfoViewController.h */ = {isa = PBXFileReference; fileEncoding = 4; lastKnownFileType = sourcecode.c.h; path = InfoViewController.h; sourceTree = "<group>"; };
		89C4EBB91582850D0067B423 /* InfoViewController.m */ = {isa = PBXFileReference; fileEncoding = 4; lastKnownFileType = sourcecode.c.objc; path = InfoViewController.m; sourceTree = "<group>"; };
		89C4EBBA1582850D0067B423 /* InfoViewController.xib */ = {isa = PBXFileReference; fileEncoding = 4; lastKnownFileType = file.xib; path = InfoViewController.xib; sourceTree = "<group>"; };
/* End PBXFileReference section */

/* Begin PBXFrameworksBuildPhase section */
		892D9791157F821B00615A07 /* Frameworks */ = {
			isa = PBXFrameworksBuildPhase;
			buildActionMask = 2147483647;
			files = (
				892D9799157F821B00615A07 /* UIKit.framework in Frameworks */,
				892D979B157F821B00615A07 /* Foundation.framework in Frameworks */,
				892D979D157F821B00615A07 /* CoreGraphics.framework in Frameworks */,
			);
			runOnlyForDeploymentPostprocessing = 0;
		};
		892D97B4157F821B00615A07 /* Frameworks */ = {
			isa = PBXFrameworksBuildPhase;
			buildActionMask = 2147483647;
			files = (
				892D97BA157F821B00615A07 /* SenTestingKit.framework in Frameworks */,
				892D97BB157F821B00615A07 /* UIKit.framework in Frameworks */,
				892D97BC157F821B00615A07 /* Foundation.framework in Frameworks */,
			);
			runOnlyForDeploymentPostprocessing = 0;
		};
/* End PBXFrameworksBuildPhase section */

/* Begin PBXGroup section */
		892D9789157F821A00615A07 = {
			isa = PBXGroup;
			children = (
				892D979E157F821B00615A07 /* Project3 */,
				892D97BF157F821B00615A07 /* Project3Tests */,
				892D9797157F821B00615A07 /* Frameworks */,
				892D9795157F821B00615A07 /* Products */,
			);
			sourceTree = "<group>";
		};
		892D9795157F821B00615A07 /* Products */ = {
			isa = PBXGroup;
			children = (
				892D9794157F821B00615A07 /* Project3.app */,
				892D97B8157F821B00615A07 /* Project3Tests.octest */,
			);
			name = Products;
			sourceTree = "<group>";
		};
		892D9797157F821B00615A07 /* Frameworks */ = {
			isa = PBXGroup;
			children = (
				892D9798157F821B00615A07 /* UIKit.framework */,
				892D979A157F821B00615A07 /* Foundation.framework */,
				892D979C157F821B00615A07 /* CoreGraphics.framework */,
				892D97B9157F821B00615A07 /* SenTestingKit.framework */,
			);
			name = Frameworks;
			sourceTree = "<group>";
		};
		892D979E157F821B00615A07 /* Project3 */ = {
			isa = PBXGroup;
			children = (
				89C4EBB6158281BA0067B423 /* dateplannerbg.png */,
				892D97A7157F821B00615A07 /* AppDelegate.h */,
				892D97A8157F821B00615A07 /* AppDelegate.m */,
				892D97AA157F821B00615A07 /* ViewController.h */,
				892D97AB157F821B00615A07 /* ViewController.m */,
				892D97AD157F821B00615A07 /* ViewController_iPhone.xib */,
				892D979F157F821B00615A07 /* Supporting Files */,
				892D981D157F886600615A07 /* EventViewController.xib */,
				892D981B157F886600615A07 /* EventViewController.h */,
				892D981C157F886600615A07 /* EventViewController.m */,
				89C4EBBA1582850D0067B423 /* InfoViewController.xib */,
				89C4EBB81582850D0067B423 /* InfoViewController.h */,
				89C4EBB91582850D0067B423 /* InfoViewController.m */,
			);
			path = Project3;
			sourceTree = "<group>";
		};
		892D979F157F821B00615A07 /* Supporting Files */ = {
			isa = PBXGroup;
			children = (
				892D97A0157F821B00615A07 /* Project3-Info.plist */,
				892D97A1157F821B00615A07 /* InfoPlist.strings */,
				892D97A4157F821B00615A07 /* main.m */,
				892D97A6157F821B00615A07 /* Project3-Prefix.pch */,
			);
			name = "Supporting Files";
			sourceTree = "<group>";
		};
		892D97BF157F821B00615A07 /* Project3Tests */ = {
			isa = PBXGroup;
			children = (
				892D97C5157F821B00615A07 /* Project3Tests.h */,
				892D97C6157F821B00615A07 /* Project3Tests.m */,
				892D97C0157F821B00615A07 /* Supporting Files */,
			);
			path = Project3Tests;
			sourceTree = "<group>";
		};
		892D97C0157F821B00615A07 /* Supporting Files */ = {
			isa = PBXGroup;
			children = (
				892D97C1157F821B00615A07 /* Project3Tests-Info.plist */,
				892D97C2157F821B00615A07 /* InfoPlist.strings */,
			);
			name = "Supporting Files";
			sourceTree = "<group>";
		};
/* End PBXGroup section */

/* Begin PBXNativeTarget section */
		892D9793157F821B00615A07 /* Project3 */ = {
			isa = PBXNativeTarget;
			buildConfigurationList = 892D97CA157F821B00615A07 /* Build configuration list for PBXNativeTarget "Project3" */;
			buildPhases = (
				892D9790157F821B00615A07 /* Sources */,
				892D9791157F821B00615A07 /* Frameworks */,
				892D9792157F821B00615A07 /* Resources */,
			);
			buildRules = (
			);
			dependencies = (
			);
			name = Project3;
			productName = Project3;
			productReference = 892D9794157F821B00615A07 /* Project3.app */;
			productType = "com.apple.product-type.application";
		};
		892D97B7157F821B00615A07 /* Project3Tests */ = {
			isa = PBXNativeTarget;
			buildConfigurationList = 892D97CD157F821B00615A07 /* Build configuration list for PBXNativeTarget "Project3Tests" */;
			buildPhases = (
				892D97B3157F821B00615A07 /* Sources */,
				892D97B4157F821B00615A07 /* Frameworks */,
				892D97B5157F821B00615A07 /* Resources */,
				892D97B6157F821B00615A07 /* ShellScript */,
			);
			buildRules = (
			);
			dependencies = (
				892D97BE157F821B00615A07 /* PBXTargetDependency */,
			);
			name = Project3Tests;
			productName = Project3Tests;
			productReference = 892D97B8157F821B00615A07 /* Project3Tests.octest */;
			productType = "com.apple.product-type.bundle";
		};
/* End PBXNativeTarget section */

/* Begin PBXProject section */
		892D978B157F821A00615A07 /* Project object */ = {
			isa = PBXProject;
			attributes = {
				LastUpgradeCheck = 0430;
				ORGANIZATIONNAME = "Blue Jar Studios";
			};
			buildConfigurationList = 892D978E157F821A00615A07 /* Build configuration list for PBXProject "Project3" */;
			compatibilityVersion = "Xcode 3.2";
			developmentRegion = English;
			hasScannedForEncodings = 0;
			knownRegions = (
				en,
			);
			mainGroup = 892D9789157F821A00615A07;
			productRefGroup = 892D9795157F821B00615A07 /* Products */;
			projectDirPath = "";
			projectRoot = "";
			targets = (
				892D9793157F821B00615A07 /* Project3 */,
				892D97B7157F821B00615A07 /* Project3Tests */,
			);
		};
/* End PBXProject section */

/* Begin PBXResourcesBuildPhase section */
		892D9792157F821B00615A07 /* Resources */ = {
			isa = PBXResourcesBuildPhase;
			buildActionMask = 2147483647;
			files = (
				892D97A3157F821B00615A07 /* InfoPlist.strings in Resources */,
				892D97AF157F821B00615A07 /* ViewController_iPhone.xib in Resources */,
				892D981F157F886600615A07 /* EventViewController.xib in Resources */,
				89C4EBB7158281BA0067B423 /* dateplannerbg.png in Resources */,
				89C4EBBC1582850D0067B423 /* InfoViewController.xib in Resources */,
			);
			runOnlyForDeploymentPostprocessing = 0;
		};
		892D97B5157F821B00615A07 /* Resources */ = {
			isa = PBXResourcesBuildPhase;
			buildActionMask = 2147483647;
			files = (
				892D97C4157F821B00615A07 /* InfoPlist.strings in Resources */,
			);
			runOnlyForDeploymentPostprocessing = 0;
		};
/* End PBXResourcesBuildPhase section */

/* Begin PBXShellScriptBuildPhase section */
		892D97B6157F821B00615A07 /* ShellScript */ = {
			isa = PBXShellScriptBuildPhase;
			buildActionMask = 2147483647;
			files = (
			);
			inputPaths = (
			);
			outputPaths = (
			);
			runOnlyForDeploymentPostprocessing = 0;
			shellPath = /bin/sh;
			shellScript = "# Run the unit tests in this test bundle.\n\"${SYSTEM_DEVELOPER_DIR}/Tools/RunUnitTests\"\n";
		};
/* End PBXShellScriptBuildPhase section */

/* Begin PBXSourcesBuildPhase section */
		892D9790157F821B00615A07 /* Sources */ = {
			isa = PBXSourcesBuildPhase;
			buildActionMask = 2147483647;
			files = (
				892D97A5157F821B00615A07 /* main.m in Sources */,
				892D97A9157F821B00615A07 /* AppDelegate.m in Sources */,
				892D97AC157F821B00615A07 /* ViewController.m in Sources */,
				892D981E157F886600615A07 /* EventViewController.m in Sources */,
				89C4EBBB1582850D0067B423 /* InfoViewController.m in Sources */,
			);
			runOnlyForDeploymentPostprocessing = 0;
		};
		892D97B3157F821B00615A07 /* Sources */ = {
			isa = PBXSourcesBuildPhase;
			buildActionMask = 2147483647;
			files = (
				892D97C7157F821B00615A07 /* Project3Tests.m in Sources */,
			);
			runOnlyForDeploymentPostprocessing = 0;
		};
/* End PBXSourcesBuildPhase section */

/* Begin PBXTargetDependency section */
		892D97BE157F821B00615A07 /* PBXTargetDependency */ = {
			isa = PBXTargetDependency;
			target = 892D9793157F821B00615A07 /* Project3 */;
			targetProxy = 892D97BD157F821B00615A07 /* PBXContainerItemProxy */;
		};
/* End PBXTargetDependency section */

/* Begin PBXVariantGroup section */
		892D97A1157F821B00615A07 /* InfoPlist.strings */ = {
			isa = PBXVariantGroup;
			children = (
				892D97A2157F821B00615A07 /* en */,
			);
			name = InfoPlist.strings;
			sourceTree = "<group>";
		};
		892D97AD157F821B00615A07 /* ViewController_iPhone.xib */ = {
			isa = PBXVariantGroup;
			children = (
				892D97AE157F821B00615A07 /* en */,
			);
			name = ViewController_iPhone.xib;
			sourceTree = "<group>";
		};
		892D97C2157F821B00615A07 /* InfoPlist.strings */ = {
			isa = PBXVariantGroup;
			children = (
				892D97C3157F821B00615A07 /* en */,
			);
			name = InfoPlist.strings;
			sourceTree = "<group>";
		};
/* End PBXVariantGroup section */

/* Begin XCBuildConfiguration section */
		892D97C8157F821B00615A07 /* Debug */ = {
			isa = XCBuildConfiguration;
			buildSettings = {
				ALWAYS_SEARCH_USER_PATHS = NO;
				ARCHS = "$(ARCHS_STANDARD_32_BIT)";
				CLANG_ENABLE_OBJC_ARC = YES;
				"CODE_SIGN_IDENTITY[sdk=iphoneos*]" = "iPhone Developer";
				COPY_PHASE_STRIP = NO;
				GCC_C_LANGUAGE_STANDARD = gnu99;
				GCC_DYNAMIC_NO_PIC = NO;
				GCC_OPTIMIZATION_LEVEL = 0;
				GCC_PREPROCESSOR_DEFINITIONS = (
					"DEBUG=1",
					"$(inherited)",
				);
				GCC_SYMBOLS_PRIVATE_EXTERN = NO;
				GCC_VERSION = com.apple.compilers.llvm.clang.1_0;
				GCC_WARN_ABOUT_RETURN_TYPE = YES;
				GCC_WARN_UNINITIALIZED_AUTOS = YES;
				GCC_WARN_UNUSED_VARIABLE = YES;
				IPHONEOS_DEPLOYMENT_TARGET = 5.1;
				SDKROOT = iphoneos;
				TARGETED_DEVICE_FAMILY = "1,2";
			};
			name = Debug;
		};
		892D97C9157F821B00615A07 /* Release */ = {
			isa = XCBuildConfiguration;
			buildSettings = {
				ALWAYS_SEARCH_USER_PATHS = NO;
				ARCHS = "$(ARCHS_STANDARD_32_BIT)";
				CLANG_ENABLE_OBJC_ARC = YES;
				"CODE_SIGN_IDENTITY[sdk=iphoneos*]" = "iPhone Developer";
				COPY_PHASE_STRIP = YES;
				GCC_C_LANGUAGE_STANDARD = gnu99;
				GCC_VERSION = com.apple.compilers.llvm.clang.1_0;
				GCC_WARN_ABOUT_RETURN_TYPE = YES;
				GCC_WARN_UNINITIALIZED_AUTOS = YES;
				GCC_WARN_UNUSED_VARIABLE = YES;
				IPHONEOS_DEPLOYMENT_TARGET = 5.1;
				OTHER_CFLAGS = "-DNS_BLOCK_ASSERTIONS=1";
				SDKROOT = iphoneos;
				TARGETED_DEVICE_FAMILY = "1,2";
				VALIDATE_PRODUCT = YES;
			};
			name = Release;
		};
		892D97CB157F821B00615A07 /* Debug */ = {
			isa = XCBuildConfiguration;
			buildSettings = {
				GCC_PRECOMPILE_PREFIX_HEADER = YES;
				GCC_PREFIX_HEADER = "Project3/Project3-Prefix.pch";
				INFOPLIST_FILE = "Project3/Project3-Info.plist";
				PRODUCT_NAME = "$(TARGET_NAME)";
				WRAPPER_EXTENSION = app;
			};
			name = Debug;
		};
		892D97CC157F821B00615A07 /* Release */ = {
			isa = XCBuildConfiguration;
			buildSettings = {
				GCC_PRECOMPILE_PREFIX_HEADER = YES;
				GCC_PREFIX_HEADER = "Project3/Project3-Prefix.pch";
				INFOPLIST_FILE = "Project3/Project3-Info.plist";
				PRODUCT_NAME = "$(TARGET_NAME)";
				WRAPPER_EXTENSION = app;
			};
			name = Release;
		};
		892D97CE157F821B00615A07 /* Debug */ = {
			isa = XCBuildConfiguration;
			buildSettings = {
				BUNDLE_LOADER = "$(BUILT_PRODUCTS_DIR)/Project3.app/Project3";
				FRAMEWORK_SEARCH_PATHS = (
					"$(SDKROOT)/Developer/Library/Frameworks",
					"$(DEVELOPER_LIBRARY_DIR)/Frameworks",
				);
				GCC_PRECOMPILE_PREFIX_HEADER = YES;
				GCC_PREFIX_HEADER = "Project3/Project3-Prefix.pch";
				INFOPLIST_FILE = "Project3Tests/Project3Tests-Info.plist";
				PRODUCT_NAME = "$(TARGET_NAME)";
				TEST_HOST = "$(BUNDLE_LOADER)";
				WRAPPER_EXTENSION = octest;
			};
			name = Debug;
		};
		892D97CF157F821B00615A07 /* Release */ = {
			isa = XCBuildConfiguration;
			buildSettings = {
				BUNDLE_LOADER = "$(BUILT_PRODUCTS_DIR)/Project3.app/Project3";
				FRAMEWORK_SEARCH_PATHS = (
					"$(SDKROOT)/Developer/Library/Frameworks",
					"$(DEVELOPER_LIBRARY_DIR)/Frameworks",
				);
				GCC_PRECOMPILE_PREFIX_HEADER = YES;
				GCC_PREFIX_HEADER = "Project3/Project3-Prefix.pch";
				INFOPLIST_FILE = "Project3Tests/Project3Tests-Info.plist";
				PRODUCT_NAME = "$(TARGET_NAME)";
				TEST_HOST = "$(BUNDLE_LOADER)";
				WRAPPER_EXTENSION = octest;
			};
			name = Release;
		};
/* End XCBuildConfiguration section */

/* Begin XCConfigurationList section */
		892D978E157F821A00615A07 /* Build configuration list for PBXProject "Project3" */ = {
			isa = XCConfigurationList;
			buildConfigurations = (
				892D97C8157F821B00615A07 /* Debug */,
				892D97C9157F821B00615A07 /* Release */,
			);
			defaultConfigurationIsVisible = 0;
			defaultConfigurationName = Release;
		};
		892D97CA157F821B00615A07 /* Build configuration list for PBXNativeTarget "Project3" */ = {
			isa = XCConfigurationList;
			buildConfigurations = (
				892D97CB157F821B00615A07 /* Debug */,
				892D97CC157F821B00615A07 /* Release */,
			);
			defaultConfigurationIsVisible = 0;
			defaultConfigurationName = Release;
		};
		892D97CD157F821B00615A07 /* Build configuration list for PBXNativeTarget "Project3Tests" */ = {
			isa = XCConfigurationList;
			buildConfigurations = (
				892D97CE157F821B00615A07 /* Debug */,
				892D97CF157F821B00615A07 /* Release */,
			);
			defaultConfigurationIsVisible = 0;
			defaultConfigurationName = Release;
		};
/* End XCConfigurationList section */
	};
	rootObject = 892D978B157F821A00615A07 /* Project object */;
}
